
Microsoft Visual Studio Solution File, Format Version 12.00
# Visual Studio 15
VisualStudioVersion = 15.0.27004.2009
MinimumVisualStudioVersion = 10.0.40219.1
Project("{FAE04EC0-301F-11D3-BF4B-00C04F79EFBC}") = "Chelloworld", "Chelloworld\Chelloworld.csproj", "{F94C9EFD-5F0D-4BF3-93AB-E00C5BDD84D9}"
EndProject
Global
	GlobalSection(SolutionConfigurationPlatforms) = preSolution
		Debug|Any CPU = Debug|Any CPU
		Release|Any CPU = Release|Any CPU
	EndGlobalSection
	GlobalSection(ProjectConfigurationPlatforms) = postSolution
		{F94C9EFD-5F0D-4BF3-93AB-E00C5BDD84D9}.Debug|Any CPU.ActiveCfg = Debug|Any CPU
		{F94C9EFD-5F0D-4BF3-93AB-E00C5BDD84D9}.Debug|Any CPU.Build.0 = Debug|Any CPU
		{F94C9EFD-5F0D-4BF3-93AB-E00C5BDD84D9}.Release|Any CPU.ActiveCfg = Release|Any CPU
		{F94C9EFD-5F0D-4BF3-93AB-E00C5BDD84D9}.Release|Any CPU.Build.0 = Release|Any CPU
	EndGlobalSection
	GlobalSection(SolutionProperties) = preSolution
		HideSolutionNode = FALSE
	EndGlobalSection
	GlobalSection(ExtensibilityGlobals) = postSolution
		SolutionGuid = {8D8040D0-6175-4185-B714-7F6ACF2ED6E0}
	EndGlobalSection
EndGlobal
